
Microsoft Visual Studio Solution File, Format Version 12.00
# Visual Studio Version 17
VisualStudioVersion = 17.14.36301.6 d17.14
MinimumVisualStudioVersion = 10.0.40219.1
Project("{FAE04EC0-301F-11D3-BF4B-00C04F79EFBC}") = "ImGUI-Maker", "ImGUI-Maker\ImGUI-Maker.csproj", "{33FB068C-ECF8-4660-A7CF-E094E1AFEEF2}"
EndProject
Global
	GlobalSection(SolutionConfigurationPlatforms) = preSolution
		Debug|Any CPU = Debug|Any CPU
		Release|Any CPU = Release|Any CPU
	EndGlobalSection
	GlobalSection(ProjectConfigurationPlatforms) = postSolution
		{33FB068C-ECF8-4660-A7CF-E094E1AFEEF2}.Debug|Any CPU.ActiveCfg = Debug|Any CPU
		{33FB068C-ECF8-4660-A7CF-E094E1AFEEF2}.Debug|Any CPU.Build.0 = Debug|Any CPU
		{33FB068C-ECF8-4660-A7CF-E094E1AFEEF2}.Release|Any CPU.ActiveCfg = Release|Any CPU
		{33FB068C-ECF8-4660-A7CF-E094E1AFEEF2}.Release|Any CPU.Build.0 = Release|Any CPU
	EndGlobalSection
	GlobalSection(SolutionProperties) = preSolution
		HideSolutionNode = FALSE
	EndGlobalSection
	GlobalSection(ExtensibilityGlobals) = postSolution
		SolutionGuid = {CC4F6D81-57A1-4849-B485-7385D0071E2D}
	EndGlobalSection
EndGlobal
